
Microsoft Visual Studio Solution File, Format Version 12.00
# Visual Studio 2013
VisualStudioVersion = 12.0.21005.1
MinimumVisualStudioVersion = 10.0.40219.1
Project("{FAE04EC0-301F-11D3-BF4B-00C04F79EFBC}") = "CRM", "CRM\CRM.csproj", "{3EC5DC46-A115-41AC-AB73-EB97120637E1}"
EndProject
Project("{FAE04EC0-301F-11D3-BF4B-00C04F79EFBC}") = "Entity", "Entity\Entity.csproj", "{DE3CC64B-62BD-4640-8F03-EC0972F0E504}"
EndProject
Project("{FAE04EC0-301F-11D3-BF4B-00C04F79EFBC}") = "DAL", "DAL\DAL.csproj", "{08A01197-E2B6-4B8B-A44F-A2E795ACBC68}"
EndProject
Project("{FAE04EC0-301F-11D3-BF4B-00C04F79EFBC}") = "Service", "Service\Service.csproj", "{50BE8298-0D95-4D0B-88A1-5E931DFEFFE0}"
EndProject
Project("{FAE04EC0-301F-11D3-BF4B-00C04F79EFBC}") = "CommonSha", "CommonSha\CommonSha.csproj", "{A6CA220E-B4E8-4D35-B7FE-60FE6D028492}"
EndProject
Project("{FAE04EC0-301F-11D3-BF4B-00C04F79EFBC}") = "Repository", "Repository\Repository.csproj", "{86891215-1032-44DA-925C-12A34E5F423B}"
EndProject
Global
	GlobalSection(SolutionConfigurationPlatforms) = preSolution
		Debug|Any CPU = Debug|Any CPU
		Release|Any CPU = Release|Any CPU
	EndGlobalSection
	GlobalSection(ProjectConfigurationPlatforms) = postSolution
		{3EC5DC46-A115-41AC-AB73-EB97120637E1}.Debug|Any CPU.ActiveCfg = Debug|Any CPU
		{3EC5DC46-A115-41AC-AB73-EB97120637E1}.Debug|Any CPU.Build.0 = Debug|Any CPU
		{3EC5DC46-A115-41AC-AB73-EB97120637E1}.Release|Any CPU.ActiveCfg = Release|Any CPU
		{3EC5DC46-A115-41AC-AB73-EB97120637E1}.Release|Any CPU.Build.0 = Release|Any CPU
		{DE3CC64B-62BD-4640-8F03-EC0972F0E504}.Debug|Any CPU.ActiveCfg = Debug|Any CPU
		{DE3CC64B-62BD-4640-8F03-EC0972F0E504}.Debug|Any CPU.Build.0 = Debug|Any CPU
		{DE3CC64B-62BD-4640-8F03-EC0972F0E504}.Release|Any CPU.ActiveCfg = Release|Any CPU
		{DE3CC64B-62BD-4640-8F03-EC0972F0E504}.Release|Any CPU.Build.0 = Release|Any CPU
		{08A01197-E2B6-4B8B-A44F-A2E795ACBC68}.Debug|Any CPU.ActiveCfg = Debug|Any CPU
		{08A01197-E2B6-4B8B-A44F-A2E795ACBC68}.Debug|Any CPU.Build.0 = Debug|Any CPU
		{08A01197-E2B6-4B8B-A44F-A2E795ACBC68}.Release|Any CPU.ActiveCfg = Release|Any CPU
		{08A01197-E2B6-4B8B-A44F-A2E795ACBC68}.Release|Any CPU.Build.0 = Release|Any CPU
		{50BE8298-0D95-4D0B-88A1-5E931DFEFFE0}.Debug|Any CPU.ActiveCfg = Debug|Any CPU
		{50BE8298-0D95-4D0B-88A1-5E931DFEFFE0}.Debug|Any CPU.Build.0 = Debug|Any CPU
		{50BE8298-0D95-4D0B-88A1-5E931DFEFFE0}.Release|Any CPU.ActiveCfg = Release|Any CPU
		{50BE8298-0D95-4D0B-88A1-5E931DFEFFE0}.Release|Any CPU.Build.0 = Release|Any CPU
		{A6CA220E-B4E8-4D35-B7FE-60FE6D028492}.Debug|Any CPU.ActiveCfg = Debug|Any CPU
		{A6CA220E-B4E8-4D35-B7FE-60FE6D028492}.Debug|Any CPU.Build.0 = Debug|Any CPU
		{A6CA220E-B4E8-4D35-B7FE-60FE6D028492}.Release|Any CPU.ActiveCfg = Release|Any CPU
		{A6CA220E-B4E8-4D35-B7FE-60FE6D028492}.Release|Any CPU.Build.0 = Release|Any CPU
		{86891215-1032-44DA-925C-12A34E5F423B}.Debug|Any CPU.ActiveCfg = Debug|Any CPU
		{86891215-1032-44DA-925C-12A34E5F423B}.Debug|Any CPU.Build.0 = Debug|Any CPU
		{86891215-1032-44DA-925C-12A34E5F423B}.Release|Any CPU.ActiveCfg = Release|Any CPU
		{86891215-1032-44DA-925C-12A34E5F423B}.Release|Any CPU.Build.0 = Release|Any CPU
	EndGlobalSection
	GlobalSection(SolutionProperties) = preSolution
		HideSolutionNode = FALSE
	EndGlobalSection
EndGlobal
